// !$*UTF8*$!
{
	archiveVersion = 1;
	classes = {
	};
	objectVersion = 77;
	objects = {

/* Begin PBXContainerItemProxy section */
		CAF85FBF2E4E256100F3FD71 /* PBXContainerItemProxy */ = {
			isa = PBXContainerItemProxy;
			containerPortal = CAF85FA92E4E256000F3FD71 /* Project object */;
			proxyType = 1;
			remoteGlobalIDString = CAF85FB02E4E256000F3FD71;
			remoteInfo = KapasKisan;
		};
		CAF85FC92E4E256100F3FD71 /* PBXContainerItemProxy */ = {
			isa = PBXContainerItemProxy;
			containerPortal = CAF85FA92E4E256000F3FD71 /* Project object */;
			proxyType = 1;
			remoteGlobalIDString = CAF85FB02E4E256000F3FD71;
			remoteInfo = KapasKisan;
		};
/* End PBXContainerItemProxy section */

/* Begin PBXFileReference section */
		CAF85FB12E4E256000F3FD71 /* KapasKisan.app */ = {isa = PBXFileReference; explicitFileType = wrapper.application; includeInIndex = 0; path = KapasKisan.app; sourceTree = BUILT_PRODUCTS_DIR; };
		CAF85FBE2E4E256100F3FD71 /* KapasKisanTests.xctest */ = {isa = PBXFileReference; explicitFileType = wrapper.cfbundle; includeInIndex = 0; path = KapasKisanTests.xctest; sourceTree = BUILT_PRODUCTS_DIR; };
		CAF85FC82E4E256100F3FD71 /* KapasKisanUITests.xctest */ = {isa = PBXFileReference; explicitFileType = wrapper.cfbundle; includeInIndex = 0; path = KapasKisanUITests.xctest; sourceTree = BUILT_PRODUCTS_DIR; };
/* End PBXFileReference section */

/* Begin PBXFileSystemSynchronizedRootGroup section */
		CAF85FB32E4E256000F3FD71 /* KapasKisan */ = {
			isa = PBXFileSystemSynchronizedRootGroup;
			path = KapasKisan;
			sourceTree = "<group>";
		};
		CAF85FC12E4E256100F3FD71 /* KapasKisanTests */ = {
			isa = PBXFileSystemSynchronizedRootGroup;
			path = KapasKisanTests;
			sourceTree = "<group>";
		};
		CAF85FCB2E4E256100F3FD71 /* KapasKisanUITests */ = {
			isa = PBXFileSystemSynchronizedRootGroup;
			path = KapasKisanUITests;
			sourceTree = "<group>";
		};
/* End PBXFileSystemSynchronizedRootGroup section */

/* Begin PBXFrameworksBuildPhase section */
		CAF85FAE2E4E256000F3FD71 /* Frameworks */ = {
			isa = PBXFrameworksBuildPhase;
			buildActionMask = 2147483647;
			files = (
			);
			runOnlyForDeploymentPostprocessing = 0;
		};
		CAF85FBB2E4E256100F3FD71 /* Frameworks */ = {
			isa = PBXFrameworksBuildPhase;
			buildActionMask = 2147483647;
			files = (
			);
			runOnlyForDeploymentPostprocessing = 0;
		};
		CAF85FC52E4E256100F3FD71 /* Frameworks */ = {
			isa = PBXFrameworksBuildPhase;
			buildActionMask = 2147483647;
			files = (
			);
			runOnlyForDeploymentPostprocessing = 0;
		};
/* End PBXFrameworksBuildPhase section */

/* Begin PBXGroup section */
		CAF85FA82E4E256000F3FD71 = {
			isa = PBXGroup;
			children = (
				CAF85FB32E4E256000F3FD71 /* KapasKisan */,
				CAF85FC12E4E256100F3FD71 /* KapasKisanTests */,
				CAF85FCB2E4E256100F3FD71 /* KapasKisanUITests */,
				CAF85FB22E4E256000F3FD71 /* Products */,
			);
			sourceTree = "<group>";
		};
		CAF85FB22E4E256000F3FD71 /* Products */ = {
			isa = PBXGroup;
			children = (
				CAF85FB12E4E256000F3FD71 /* KapasKisan.app */,
				CAF85FBE2E4E256100F3FD71 /* KapasKisanTests.xctest */,
				CAF85FC82E4E256100F3FD71 /* KapasKisanUITests.xctest */,
			);
			name = Products;
			sourceTree = "<group>";
		};
/* End PBXGroup section */

/* Begin PBXNativeTarget section */
		CAF85FB02E4E256000F3FD71 /* KapasKisan */ = {
			isa = PBXNativeTarget;
			buildConfigurationList = CAF85FD22E4E256100F3FD71 /* Build configuration list for PBXNativeTarget "KapasKisan" */;
			buildPhases = (
				CAF85FAD2E4E256000F3FD71 /* Sources */,
				CAF85FAE2E4E256000F3FD71 /* Frameworks */,
				CAF85FAF2E4E256000F3FD71 /* Resources */,
			);
			buildRules = (
			);
			dependencies = (
			);
			fileSystemSynchronizedGroups = (
				CAF85FB32E4E256000F3FD71 /* KapasKisan */,
			);
			name = KapasKisan;
			packageProductDependencies = (
			);
			productName = KapasKisan;
			productReference = CAF85FB12E4E256000F3FD71 /* KapasKisan.app */;
			productType = "com.apple.product-type.application";
		};
		CAF85FBD2E4E256100F3FD71 /* KapasKisanTests */ = {
			isa = PBXNativeTarget;
			buildConfigurationList = CAF85FD52E4E256100F3FD71 /* Build configuration list for PBXNativeTarget "KapasKisanTests" */;
			buildPhases = (
				CAF85FBA2E4E256100F3FD71 /* Sources */,
				CAF85FBB2E4E256100F3FD71 /* Frameworks */,
				CAF85FBC2E4E256100F3FD71 /* Resources */,
			);
			buildRules = (
			);
			dependencies = (
				CAF85FC02E4E256100F3FD71 /* PBXTargetDependency */,
			);
			fileSystemSynchronizedGroups = (
				CAF85FC12E4E256100F3FD71 /* KapasKisanTests */,
			);
			name = KapasKisanTests;
			packageProductDependencies = (
			);
			productName = KapasKisanTests;
			productReference = CAF85FBE2E4E256100F3FD71 /* KapasKisanTests.xctest */;
			productType = "com.apple.product-type.bundle.unit-test";
		};
		CAF85FC72E4E256100F3FD71 /* KapasKisanUITests */ = {
			isa = PBXNativeTarget;
			buildConfigurationList = CAF85FD82E4E256100F3FD71 /* Build configuration list for PBXNativeTarget "KapasKisanUITests" */;
			buildPhases = (
				CAF85FC42E4E256100F3FD71 /* Sources */,
				CAF85FC52E4E256100F3FD71 /* Frameworks */,
				CAF85FC62E4E256100F3FD71 /* Resources */,
			);
			buildRules = (
			);
			dependencies = (
				CAF85FCA2E4E256100F3FD71 /* PBXTargetDependency */,
			);
			fileSystemSynchronizedGroups = (
				CAF85FCB2E4E256100F3FD71 /* KapasKisanUITests */,
			);
			name = KapasKisanUITests;
			packageProductDependencies = (
			);
			productName = KapasKisanUITests;
			productReference = CAF85FC82E4E256100F3FD71 /* KapasKisanUITests.xctest */;
			productType = "com.apple.product-type.bundle.ui-testing";
		};
/* End PBXNativeTarget section */

/* Begin PBXProject section */
		CAF85FA92E4E256000F3FD71 /* Project object */ = {
			isa = PBXProject;
			attributes = {
				BuildIndependentTargetsInParallel = 1;
				LastSwiftUpdateCheck = 1640;
				LastUpgradeCheck = 1640;
				TargetAttributes = {
					CAF85FB02E4E256000F3FD71 = {
						CreatedOnToolsVersion = 16.4;
					};
					CAF85FBD2E4E256100F3FD71 = {
						CreatedOnToolsVersion = 16.4;
						TestTargetID = CAF85FB02E4E256000F3FD71;
					};
					CAF85FC72E4E256100F3FD71 = {
						CreatedOnToolsVersion = 16.4;
						TestTargetID = CAF85FB02E4E256000F3FD71;
					};
				};
			};
			buildConfigurationList = CAF85FAC2E4E256000F3FD71 /* Build configuration list for PBXProject "KapasKisan" */;
			developmentRegion = en;
			hasScannedForEncodings = 0;
			knownRegions = (
				en,
				Base,
			);
			mainGroup = CAF85FA82E4E256000F3FD71;
			minimizedProjectReferenceProxies = 1;
			preferredProjectObjectVersion = 77;
			productRefGroup = CAF85FB22E4E256000F3FD71 /* Products */;
			projectDirPath = "";
			projectRoot = "";
			targets = (
				CAF85FB02E4E256000F3FD71 /* KapasKisan */,
				CAF85FBD2E4E256100F3FD71 /* KapasKisanTests */,
				CAF85FC72E4E256100F3FD71 /* KapasKisanUITests */,
			);
		};
/* End PBXProject section */

/* Begin PBXResourcesBuildPhase section */
		CAF85FAF2E4E256000F3FD71 /* Resources */ = {
			isa = PBXResourcesBuildPhase;
			buildActionMask = 2147483647;
			files = (
			);
			runOnlyForDeploymentPostprocessing = 0;
		};
		CAF85FBC2E4E256100F3FD71 /* Resources */ = {
			isa = PBXResourcesBuildPhase;
			buildActionMask = 2147483647;
			files = (
			);
			runOnlyForDeploymentPostprocessing = 0;
		};
		CAF85FC62E4E256100F3FD71 /* Resources */ = {
			isa = PBXResourcesBuildPhase;
			buildActionMask = 2147483647;
			files = (
			);
			runOnlyForDeploymentPostprocessing = 0;
		};
/* End PBXResourcesBuildPhase section */

/* Begin PBXSourcesBuildPhase section */
		CAF85FAD2E4E256000F3FD71 /* Sources */ = {
			isa = PBXSourcesBuildPhase;
			buildActionMask = 2147483647;
			files = (
			);
			runOnlyForDeploymentPostprocessing = 0;
		};
		CAF85FBA2E4E256100F3FD71 /* Sources */ = {
			isa = PBXSourcesBuildPhase;
			buildActionMask = 2147483647;
			files = (
			);
			runOnlyForDeploymentPostprocessing = 0;
		};
		CAF85FC42E4E256100F3FD71 /* Sources */ = {
			isa = PBXSourcesBuildPhase;
			buildActionMask = 2147483647;
			files = (
			);
			runOnlyForDeploymentPostprocessing = 0;
		};
/* End PBXSourcesBuildPhase section */

/* Begin PBXTargetDependency section */
		CAF85FC02E4E256100F3FD71 /* PBXTargetDependency */ = {
			isa = PBXTargetDependency;
			target = CAF85FB02E4E256000F3FD71 /* KapasKisan */;
			targetProxy = CAF85FBF2E4E256100F3FD71 /* PBXContainerItemProxy */;
		};
		CAF85FCA2E4E256100F3FD71 /* PBXTargetDependency */ = {
			isa = PBXTargetDependency;
			target = CAF85FB02E4E256000F3FD71 /* KapasKisan */;
			targetProxy = CAF85FC92E4E256100F3FD71 /* PBXContainerItemProxy */;
		};
/* End PBXTargetDependency section */

/* Begin XCBuildConfiguration section */
		CAF85FD02E4E256100F3FD71 /* Debug */ = {
			isa = XCBuildConfiguration;
			buildSettings = {
				ALWAYS_SEARCH_USER_PATHS = NO;
				ASSETCATALOG_COMPILER_GENERATE_SWIFT_ASSET_SYMBOL_EXTENSIONS = YES;
				CLANG_ANALYZER_NONNULL = YES;
				CLANG_ANALYZER_NUMBER_OBJECT_CONVERSION = YES_AGGRESSIVE;
				CLANG_CXX_LANGUAGE_STANDARD = "gnu++20";
				CLANG_ENABLE_MODULES = YES;
				CLANG_ENABLE_OBJC_ARC = YES;
				CLANG_ENABLE_OBJC_WEAK = YES;
				CLANG_WARN_BLOCK_CAPTURE_AUTORELEASING = YES;
				CLANG_WARN_BOOL_CONVERSION = YES;
				CLANG_WARN_COMMA = YES;
				CLANG_WARN_CONSTANT_CONVERSION = YES;
				CLANG_WARN_DEPRECATED_OBJC_IMPLEMENTATIONS = YES;
				CLANG_WARN_DIRECT_OBJC_ISA_USAGE = YES_ERROR;
				CLANG_WARN_DOCUMENTATION_COMMENTS = YES;
				CLANG_WARN_EMPTY_BODY = YES;
				CLANG_WARN_ENUM_CONVERSION = YES;
				CLANG_WARN_INFINITE_RECURSION = YES;
				CLANG_WARN_INT_CONVERSION = YES;
				CLANG_WARN_NON_LITERAL_NULL_CONVERSION = YES;
				CLANG_WARN_OBJC_IMPLICIT_RETAIN_SELF = YES;
				CLANG_WARN_OBJC_LITERAL_CONVERSION = YES;
				CLANG_WARN_OBJC_ROOT_CLASS = YES_ERROR;
				CLANG_WARN_QUOTED_INCLUDE_IN_FRAMEWORK_HEADER = YES;
				CLANG_WARN_RANGE_LOOP_ANALYSIS = YES;
				CLANG_WARN_STRICT_PROTOTYPES = YES;
				CLANG_WARN_SUSPICIOUS_MOVE = YES;
				CLANG_WARN_UNGUARDED_AVAILABILITY = YES_AGGRESSIVE;
				CLANG_WARN_UNREACHABLE_CODE = YES;
				CLANG_WARN__DUPLICATE_METHOD_MATCH = YES;
				COPY_PHASE_STRIP = NO;
				DEBUG_INFORMATION_FORMAT = dwarf;
				ENABLE_STRICT_OBJC_MSGSEND = YES;
				ENABLE_TESTABILITY = YES;
				ENABLE_USER_SCRIPT_SANDBOXING = YES;
				GCC_C_LANGUAGE_STANDARD = gnu17;
				GCC_DYNAMIC_NO_PIC = NO;
				GCC_NO_COMMON_BLOCKS = YES;
				GCC_OPTIMIZATION_LEVEL = 0;
				GCC_PREPROCESSOR_DEFINITIONS = (
					"DEBUG=1",
					"$(inherited)",
				);
				GCC_WARN_64_TO_32_BIT_CONVERSION = YES;
				GCC_WARN_ABOUT_RETURN_TYPE = YES_ERROR;
				GCC_WARN_UNDECLARED_SELECTOR = YES;
				GCC_WARN_UNINITIALIZED_AUTOS = YES_AGGRESSIVE;
				GCC_WARN_UNUSED_FUNCTION = YES;
				GCC_WARN_UNUSED_VARIABLE = YES;
				IPHONEOS_DEPLOYMENT_TARGET = 18.5;
				LOCALIZATION_PREFERS_STRING_CATALOGS = YES;
				MTL_ENABLE_DEBUG_INFO = INCLUDE_SOURCE;
				MTL_FAST_MATH = YES;
				ONLY_ACTIVE_ARCH = YES;
				SDKROOT = iphoneos;
				SWIFT_ACTIVE_COMPILATION_CONDITIONS = "DEBUG $(inherited)";
				SWIFT_OPTIMIZATION_LEVEL = "-Onone";
			};
			name = Debug;
		};
		CAF85FD12E4E256100F3FD71 /* Release */ = {
			isa = XCBuildConfiguration;
			buildSettings = {
				ALWAYS_SEARCH_USER_PATHS = NO;
				ASSETCATALOG_COMPILER_GENERATE_SWIFT_ASSET_SYMBOL_EXTENSIONS = YES;
				CLANG_ANALYZER_NONNULL = YES;
				CLANG_ANALYZER_NUMBER_OBJECT_CONVERSION = YES_AGGRESSIVE;
				CLANG_CXX_LANGUAGE_STANDARD = "gnu++20";
				CLANG_ENABLE_MODULES = YES;
				CLANG_ENABLE_OBJC_ARC = YES;
				CLANG_ENABLE_OBJC_WEAK = YES;
				CLANG_WARN_BLOCK_CAPTURE_AUTORELEASING = YES;
				CLANG_WARN_BOOL_CONVERSION = YES;
				CLANG_WARN_COMMA = YES;
				CLANG_WARN_CONSTANT_CONVERSION = YES;
				CLANG_WARN_DEPRECATED_OBJC_IMPLEMENTATIONS = YES;
				CLANG_WARN_DIRECT_OBJC_ISA_USAGE = YES_ERROR;
				CLANG_WARN_DOCUMENTATION_COMMENTS = YES;
				CLANG_WARN_EMPTY_BODY = YES;
				CLANG_WARN_ENUM_CONVERSION = YES;
				CLANG_WARN_INFINITE_RECURSION = YES;
				CLANG_WARN_INT_CONVERSION = YES;
				CLANG_WARN_NON_LITERAL_NULL_CONVERSION = YES;
				CLANG_WARN_OBJC_IMPLICIT_RETAIN_SELF = YES;
				CLANG_WARN_OBJC_LITERAL_CONVERSION = YES;
				CLANG_WARN_OBJC_ROOT_CLASS = YES_ERROR;
				CLANG_WARN_QUOTED_INCLUDE_IN_FRAMEWORK_HEADER = YES;
				CLANG_WARN_RANGE_LOOP_ANALYSIS = YES;
				CLANG_WARN_STRICT_PROTOTYPES = YES;
				CLANG_WARN_SUSPICIOUS_MOVE = YES;
				CLANG_WARN_UNGUARDED_AVAILABILITY = YES_AGGRESSIVE;
				CLANG_WARN_UNREACHABLE_CODE = YES;
				CLANG_WARN__DUPLICATE_METHOD_MATCH = YES;
				COPY_PHASE_STRIP = NO;
				DEBUG_INFORMATION_FORMAT = "dwarf-with-dsym";
				ENABLE_NS_ASSERTIONS = NO;
				ENABLE_STRICT_OBJC_MSGSEND = YES;
				ENABLE_USER_SCRIPT_SANDBOXING = YES;
				GCC_C_LANGUAGE_STANDARD = gnu17;
				GCC_NO_COMMON_BLOCKS = YES;
				GCC_WARN_64_TO_32_BIT_CONVERSION = YES;
				GCC_WARN_ABOUT_RETURN_TYPE = YES_ERROR;
				GCC_WARN_UNDECLARED_SELECTOR = YES;
				GCC_WARN_UNINITIALIZED_AUTOS = YES_AGGRESSIVE;
				GCC_WARN_UNUSED_FUNCTION = YES;
				GCC_WARN_UNUSED_VARIABLE = YES;
				IPHONEOS_DEPLOYMENT_TARGET = 18.5;
				LOCALIZATION_PREFERS_STRING_CATALOGS = YES;
				MTL_ENABLE_DEBUG_INFO = NO;
				MTL_FAST_MATH = YES;
				SDKROOT = iphoneos;
				SWIFT_COMPILATION_MODE = wholemodule;
				VALIDATE_PRODUCT = YES;
			};
			name = Release;
		};
		CAF85FD32E4E256100F3FD71 /* Debug */ = {
			isa = XCBuildConfiguration;
			buildSettings = {
				ASSETCATALOG_COMPILER_APPICON_NAME = AppIcon;
				ASSETCATALOG_COMPILER_GLOBAL_ACCENT_COLOR_NAME = AccentColor;
				CODE_SIGN_STYLE = Automatic;
				CURRENT_PROJECT_VERSION = 1;
				ENABLE_PREVIEWS = YES;
				GENERATE_INFOPLIST_FILE = YES;
				INFOPLIST_KEY_UIApplicationSceneManifest_Generation = YES;
				INFOPLIST_KEY_UIApplicationSupportsIndirectInputEvents = YES;
				INFOPLIST_KEY_UILaunchScreen_Generation = YES;
				INFOPLIST_KEY_UISupportedInterfaceOrientations_iPad = "UIInterfaceOrientationPortrait UIInterfaceOrientationPortraitUpsideDown UIInterfaceOrientationLandscapeLeft UIInterfaceOrientationLandscapeRight";
				INFOPLIST_KEY_UISupportedInterfaceOrientations_iPhone = "UIInterfaceOrientationPortrait UIInterfaceOrientationLandscapeLeft UIInterfaceOrientationLandscapeRight";
				LD_RUNPATH_SEARCH_PATHS = (
					"$(inherited)",
					"@executable_path/Frameworks",
				);
				MARKETING_VERSION = 1.0;
				PRODUCT_BUNDLE_IDENTIFIER = com.cotcorp.KapasKisan;
				PRODUCT_NAME = "$(TARGET_NAME)";
				SWIFT_EMIT_LOC_STRINGS = YES;
				SWIFT_VERSION = 5.0;
				TARGETED_DEVICE_FAMILY = "1,2";
			};
			name = Debug;
		};
		CAF85FD42E4E256100F3FD71 /* Release */ = {
			isa = XCBuildConfiguration;
			buildSettings = {
				ASSETCATALOG_COMPILER_APPICON_NAME = AppIcon;
				ASSETCATALOG_COMPILER_GLOBAL_ACCENT_COLOR_NAME = AccentColor;
				CODE_SIGN_STYLE = Automatic;
				CURRENT_PROJECT_VERSION = 1;
				ENABLE_PREVIEWS = YES;
				GENERATE_INFOPLIST_FILE = YES;
				INFOPLIST_KEY_UIApplicationSceneManifest_Generation = YES;
				INFOPLIST_KEY_UIApplicationSupportsIndirectInputEvents = YES;
				INFOPLIST_KEY_UILaunchScreen_Generation = YES;
				INFOPLIST_KEY_UISupportedInterfaceOrientations_iPad = "UIInterfaceOrientationPortrait UIInterfaceOrientationPortraitUpsideDown UIInterfaceOrientationLandscapeLeft UIInterfaceOrientationLandscapeRight";
				INFOPLIST_KEY_UISupportedInterfaceOrientations_iPhone = "UIInterfaceOrientationPortrait UIInterfaceOrientationLandscapeLeft UIInterfaceOrientationLandscapeRight";
				LD_RUNPATH_SEARCH_PATHS = (
					"$(inherited)",
					"@executable_path/Frameworks",
				);
				MARKETING_VERSION = 1.0;
				PRODUCT_BUNDLE_IDENTIFIER = com.cotcorp.KapasKisan;
				PRODUCT_NAME = "$(TARGET_NAME)";
				SWIFT_EMIT_LOC_STRINGS = YES;
				SWIFT_VERSION = 5.0;
				TARGETED_DEVICE_FAMILY = "1,2";
			};
			name = Release;
		};
		CAF85FD62E4E256100F3FD71 /* Debug */ = {
			isa = XCBuildConfiguration;
			buildSettings = {
				BUNDLE_LOADER = "$(TEST_HOST)";
				CODE_SIGN_STYLE = Automatic;
				CURRENT_PROJECT_VERSION = 1;
				GENERATE_INFOPLIST_FILE = YES;
				IPHONEOS_DEPLOYMENT_TARGET = 18.5;
				MARKETING_VERSION = 1.0;
				PRODUCT_BUNDLE_IDENTIFIER = com.cotcorp.KapasKisanTests;
				PRODUCT_NAME = "$(TARGET_NAME)";
				SWIFT_EMIT_LOC_STRINGS = NO;
				SWIFT_VERSION = 5.0;
				TARGETED_DEVICE_FAMILY = "1,2";
				TEST_HOST = "$(BUILT_PRODUCTS_DIR)/KapasKisan.app/$(BUNDLE_EXECUTABLE_FOLDER_PATH)/KapasKisan";
			};
			name = Debug;
		};
		CAF85FD72E4E256100F3FD71 /* Release */ = {
			isa = XCBuildConfiguration;
			buildSettings = {
				BUNDLE_LOADER = "$(TEST_HOST)";
				CODE_SIGN_STYLE = Automatic;
				CURRENT_PROJECT_VERSION = 1;
				GENERATE_INFOPLIST_FILE = YES;
				IPHONEOS_DEPLOYMENT_TARGET = 18.5;
				MARKETING_VERSION = 1.0;
				PRODUCT_BUNDLE_IDENTIFIER = com.cotcorp.KapasKisanTests;
				PRODUCT_NAME = "$(TARGET_NAME)";
				SWIFT_EMIT_LOC_STRINGS = NO;
				SWIFT_VERSION = 5.0;
				TARGETED_DEVICE_FAMILY = "1,2";
				TEST_HOST = "$(BUILT_PRODUCTS_DIR)/KapasKisan.app/$(BUNDLE_EXECUTABLE_FOLDER_PATH)/KapasKisan";
			};
			name = Release;
		};
		CAF85FD92E4E256100F3FD71 /* Debug */ = {
			isa = XCBuildConfiguration;
			buildSettings = {
				CODE_SIGN_STYLE = Automatic;
				CURRENT_PROJECT_VERSION = 1;
				GENERATE_INFOPLIST_FILE = YES;
				MARKETING_VERSION = 1.0;
				PRODUCT_BUNDLE_IDENTIFIER = com.cotcorp.KapasKisanUITests;
				PRODUCT_NAME = "$(TARGET_NAME)";
				SWIFT_EMIT_LOC_STRINGS = NO;
				SWIFT_VERSION = 5.0;
				TARGETED_DEVICE_FAMILY = "1,2";
				TEST_TARGET_NAME = KapasKisan;
			};
			name = Debug;
		};
		CAF85FDA2E4E256100F3FD71 /* Release */ = {
			isa = XCBuildConfiguration;
			buildSettings = {
				CODE_SIGN_STYLE = Automatic;
				CURRENT_PROJECT_VERSION = 1;
				GENERATE_INFOPLIST_FILE = YES;
				MARKETING_VERSION = 1.0;
				PRODUCT_BUNDLE_IDENTIFIER = com.cotcorp.KapasKisanUITests;
				PRODUCT_NAME = "$(TARGET_NAME)";
				SWIFT_EMIT_LOC_STRINGS = NO;
				SWIFT_VERSION = 5.0;
				TARGETED_DEVICE_FAMILY = "1,2";
				TEST_TARGET_NAME = KapasKisan;
			};
			name = Release;
		};
/* End XCBuildConfiguration section */

/* Begin XCConfigurationList section */
		CAF85FAC2E4E256000F3FD71 /* Build configuration list for PBXProject "KapasKisan" */ = {
			isa = XCConfigurationList;
			buildConfigurations = (
				CAF85FD02E4E256100F3FD71 /* Debug */,
				CAF85FD12E4E256100F3FD71 /* Release */,
			);
			defaultConfigurationIsVisible = 0;
			defaultConfigurationName = Release;
		};
		CAF85FD22E4E256100F3FD71 /* Build configuration list for PBXNativeTarget "KapasKisan" */ = {
			isa = XCConfigurationList;
			buildConfigurations = (
				CAF85FD32E4E256100F3FD71 /* Debug */,
				CAF85FD42E4E256100F3FD71 /* Release */,
			);
			defaultConfigurationIsVisible = 0;
			defaultConfigurationName = Release;
		};
		CAF85FD52E4E256100F3FD71 /* Build configuration list for PBXNativeTarget "KapasKisanTests" */ = {
			isa = XCConfigurationList;
			buildConfigurations = (
				CAF85FD62E4E256100F3FD71 /* Debug */,
				CAF85FD72E4E256100F3FD71 /* Release */,
			);
			defaultConfigurationIsVisible = 0;
			defaultConfigurationName = Release;
		};
		CAF85FD82E4E256100F3FD71 /* Build configuration list for PBXNativeTarget "KapasKisanUITests" */ = {
			isa = XCConfigurationList;
			buildConfigurations = (
				CAF85FD92E4E256100F3FD71 /* Debug */,
				CAF85FDA2E4E256100F3FD71 /* Release */,
			);
			defaultConfigurationIsVisible = 0;
			defaultConfigurationName = Release;
		};
/* End XCConfigurationList section */
	};
	rootObject = CAF85FA92E4E256000F3FD71 /* Project object */;
}
